// !$*UTF8*$!
{
	archiveVersion = 1;
	classes = {
	};
	objectVersion = 50;
	objects = {

/* Begin PBXBuildFile section */
		3404441B262D44C8007165D6 /* AddExCategoryViewController.swift in Sources */ = {isa = PBXBuildFile; fileRef = 3404441A262D44C8007165D6 /* AddExCategoryViewController.swift */; };
		34044427262D4CF5007165D6 /* SpendAppUtils.swift in Sources */ = {isa = PBXBuildFile; fileRef = 34399FA2262C22E100C39F01 /* SpendAppUtils.swift */; };
		34168B94263A7BBD001BA506 /* SpendAppCustomGraphics.swift in Sources */ = {isa = PBXBuildFile; fileRef = 34168B93263A7BBD001BA506 /* SpendAppCustomGraphics.swift */; };
		34399F78262B2BBC00C39F01 /* AppDelegate.swift in Sources */ = {isa = PBXBuildFile; fileRef = 34399F77262B2BBC00C39F01 /* AppDelegate.swift */; };
		34399F7A262B2BBC00C39F01 /* SceneDelegate.swift in Sources */ = {isa = PBXBuildFile; fileRef = 34399F79262B2BBC00C39F01 /* SceneDelegate.swift */; };
		34399F7C262B2BBC00C39F01 /* ExCategoriesTableViewController.swift in Sources */ = {isa = PBXBuildFile; fileRef = 34399F7B262B2BBC00C39F01 /* ExCategoriesTableViewController.swift */; };
		34399F7F262B2BBC00C39F01 /* Main.storyboard in Resources */ = {isa = PBXBuildFile; fileRef = 34399F7D262B2BBC00C39F01 /* Main.storyboard */; };
		34399F82262B2BBC00C39F01 /* SpendPalApp.xcdatamodeld in Sources */ = {isa = PBXBuildFile; fileRef = 34399F80262B2BBC00C39F01 /* SpendPalApp.xcdatamodeld */; };
		34399F84262B2BBE00C39F01 /* Assets.xcassets in Resources */ = {isa = PBXBuildFile; fileRef = 34399F83262B2BBE00C39F01 /* Assets.xcassets */; };
		34399F9B262BE56A00C39F01 /* ExpensesViewController.swift in Sources */ = {isa = PBXBuildFile; fileRef = 34399F9A262BE56A00C39F01 /* ExpensesViewController.swift */; };
		34399FA0262BE75200C39F01 /* ExCategoryTableViewCell.swift in Sources */ = {isa = PBXBuildFile; fileRef = 34399F9F262BE75200C39F01 /* ExCategoryTableViewCell.swift */; };
		345DA7492649954600C5B611 /* HelpViewController.swift in Sources */ = {isa = PBXBuildFile; fileRef = 345DA7482649954600C5B611 /* HelpViewController.swift */; };
		34836A142645076C002606F9 /* WelcomeViewController.swift in Sources */ = {isa = PBXBuildFile; fileRef = 34836A132645076C002606F9 /* WelcomeViewController.swift */; };
		34B57A25262E9818004D8FFE /* GraphicalDetailsViewController.swift in Sources */ = {isa = PBXBuildFile; fileRef = 34B57A24262E9818004D8FFE /* GraphicalDetailsViewController.swift */; };
		34B57A2A262EDF72004D8FFE /* AddExpenseViewController.swift in Sources */ = {isa = PBXBuildFile; fileRef = 34B57A29262EDF72004D8FFE /* AddExpenseViewController.swift */; };
		34B57A2E262EE951004D8FFE /* ExpenseTableViewCell.swift in Sources */ = {isa = PBXBuildFile; fileRef = 34B57A2D262EE951004D8FFE /* ExpenseTableViewCell.swift */; };
/* End PBXBuildFile section */

/* Begin PBXFileReference section */
		3404441A262D44C8007165D6 /* AddExCategoryViewController.swift */ = {isa = PBXFileReference; lastKnownFileType = sourcecode.swift; path = AddExCategoryViewController.swift; sourceTree = "<group>"; };
		34168B93263A7BBD001BA506 /* SpendAppCustomGraphics.swift */ = {isa = PBXFileReference; lastKnownFileType = sourcecode.swift; path = SpendAppCustomGraphics.swift; sourceTree = "<group>"; };
		34399F74262B2BBC00C39F01 /* SpendPalApp.app */ = {isa = PBXFileReference; explicitFileType = wrapper.application; includeInIndex = 0; path = SpendPalApp.app; sourceTree = BUILT_PRODUCTS_DIR; };
		34399F77262B2BBC00C39F01 /* AppDelegate.swift */ = {isa = PBXFileReference; lastKnownFileType = sourcecode.swift; path = AppDelegate.swift; sourceTree = "<group>"; };
		34399F79262B2BBC00C39F01 /* SceneDelegate.swift */ = {isa = PBXFileReference; lastKnownFileType = sourcecode.swift; path = SceneDelegate.swift; sourceTree = "<group>"; };
		34399F7B262B2BBC00C39F01 /* ExCategoriesTableViewController.swift */ = {isa = PBXFileReference; lastKnownFileType = sourcecode.swift; path = ExCategoriesTableViewController.swift; sourceTree = "<group>"; };
		34399F7E262B2BBC00C39F01 /* Base */ = {isa = PBXFileReference; lastKnownFileType = file.storyboard; name = Base; path = Base.lproj/Main.storyboard; sourceTree = "<group>"; };
		34399F81262B2BBC00C39F01 /* SpendPalApp.xcdatamodel */ = {isa = PBXFileReference; lastKnownFileType = wrapper.xcdatamodel; path = SpendPalApp.xcdatamodel; sourceTree = "<group>"; };
		34399F83262B2BBE00C39F01 /* Assets.xcassets */ = {isa = PBXFileReference; lastKnownFileType = folder.assetcatalog; path = Assets.xcassets; sourceTree = "<group>"; };
		34399F88262B2BBE00C39F01 /* Info.plist */ = {isa = PBXFileReference; lastKnownFileType = text.plist.xml; path = Info.plist; sourceTree = "<group>"; };
		34399F9A262BE56A00C39F01 /* ExpensesViewController.swift */ = {isa = PBXFileReference; lastKnownFileType = sourcecode.swift; path = ExpensesViewController.swift; sourceTree = "<group>"; };
		34399F9F262BE75200C39F01 /* ExCategoryTableViewCell.swift */ = {isa = PBXFileReference; lastKnownFileType = sourcecode.swift; path = ExCategoryTableViewCell.swift; sourceTree = "<group>"; };
		34399FA2262C22E100C39F01 /* SpendAppUtils.swift */ = {isa = PBXFileReference; lastKnownFileType = sourcecode.swift; path = SpendAppUtils.swift; sourceTree = "<group>"; };
		345DA7482649954600C5B611 /* HelpViewController.swift */ = {isa = PBXFileReference; lastKnownFileType = sourcecode.swift; path = HelpViewController.swift; sourceTree = "<group>"; };
		34836A132645076C002606F9 /* WelcomeViewController.swift */ = {isa = PBXFileReference; lastKnownFileType = sourcecode.swift; path = WelcomeViewController.swift; sourceTree = "<group>"; };
		34B57A24262E9818004D8FFE /* GraphicalDetailsViewController.swift */ = {isa = PBXFileReference; indentWidth = 4; lastKnownFileType = sourcecode.swift; path = GraphicalDetailsViewController.swift; sourceTree = "<group>"; tabWidth = 4; };
		34B57A29262EDF72004D8FFE /* AddExpenseViewController.swift */ = {isa = PBXFileReference; lastKnownFileType = sourcecode.swift; path = AddExpenseViewController.swift; sourceTree = "<group>"; };
		34B57A2D262EE951004D8FFE /* ExpenseTableViewCell.swift */ = {isa = PBXFileReference; lastKnownFileType = sourcecode.swift; path = ExpenseTableViewCell.swift; sourceTree = "<group>"; };
/* End PBXFileReference section */

/* Begin PBXFrameworksBuildPhase section */
		34399F71262B2BBB00C39F01 /* Frameworks */ = {
			isa = PBXFrameworksBuildPhase;
			buildActionMask = 2147483647;
			files = (
			);
			runOnlyForDeploymentPostprocessing = 0;
		};
/* End PBXFrameworksBuildPhase section */

/* Begin PBXGroup section */
		34044419262D449F007165D6 /* PopOvers */ = {
			isa = PBXGroup;
			children = (
				3404441A262D44C8007165D6 /* AddExCategoryViewController.swift */,
				34B57A29262EDF72004D8FFE /* AddExpenseViewController.swift */,
				345DA7482649954600C5B611 /* HelpViewController.swift */,
			);
			path = PopOvers;
			sourceTree = "<group>";
		};
		34399F6B262B2BBB00C39F01 = {
			isa = PBXGroup;
			children = (
				34399F76262B2BBC00C39F01 /* SpendPalApp */,
				34399F75262B2BBC00C39F01 /* Products */,
			);
			sourceTree = "<group>";
		};
		34399F75262B2BBC00C39F01 /* Products */ = {
			isa = PBXGroup;
			children = (
				34399F74262B2BBC00C39F01 /* SpendPalApp.app */,
			);
			name = Products;
			sourceTree = "<group>";
		};
		34399F76262B2BBC00C39F01 /* SpendPalApp */ = {
			isa = PBXGroup;
			children = (
				34399F95262BD81F00C39F01 /* Models */,
				34399F93262B2C4300C39F01 /* Controllers */,
				34399F92262B2C3900C39F01 /* Views */,
				34399F90262B2C2100C39F01 /* Common */,
				34399F83262B2BBE00C39F01 /* Assets.xcassets */,
				34399F88262B2BBE00C39F01 /* Info.plist */,
			);
			path = SpendPalApp;
			sourceTree = "<group>";
		};
		34399F90262B2C2100C39F01 /* Common */ = {
			isa = PBXGroup;
			children = (
				34399FA2262C22E100C39F01 /* SpendAppUtils.swift */,
				34399F77262B2BBC00C39F01 /* AppDelegate.swift */,
				34399F79262B2BBC00C39F01 /* SceneDelegate.swift */,
				34168B93263A7BBD001BA506 /* SpendAppCustomGraphics.swift */,
			);
			path = Common;
			sourceTree = "<group>";
		};
		34399F92262B2C3900C39F01 /* Views */ = {
			isa = PBXGroup;
			children = (
				34399F7D262B2BBC00C39F01 /* Main.storyboard */,
			);
			path = Views;
			sourceTree = "<group>";
		};
		34399F93262B2C4300C39F01 /* Controllers */ = {
			isa = PBXGroup;
			children = (
				34044419262D449F007165D6 /* PopOvers */,
				34399F9E262BE72800C39F01 /* TableViewCells */,
				34399F7B262B2BBC00C39F01 /* ExCategoriesTableViewController.swift */,
				34399F9A262BE56A00C39F01 /* ExpensesViewController.swift */,
				34B57A24262E9818004D8FFE /* GraphicalDetailsViewController.swift */,
				34836A132645076C002606F9 /* WelcomeViewController.swift */,
			);
			path = Controllers;
			sourceTree = "<group>";
		};
		34399F95262BD81F00C39F01 /* Models */ = {
			isa = PBXGroup;
			children = (
				34399F80262B2BBC00C39F01 /* SpendPalApp.xcdatamodeld */,
			);
			path = Models;
			sourceTree = "<group>";
		};
		34399F9E262BE72800C39F01 /* TableViewCells */ = {
			isa = PBXGroup;
			children = (
				34399F9F262BE75200C39F01 /* ExCategoryTableViewCell.swift */,
				34B57A2D262EE951004D8FFE /* ExpenseTableViewCell.swift */,
			);
			path = TableViewCells;
			sourceTree = "<group>";
		};
/* End PBXGroup section */

/* Begin PBXNativeTarget section */
		34399F73262B2BBB00C39F01 /* SpendPalApp */ = {
			isa = PBXNativeTarget;
			buildConfigurationList = 34399F8B262B2BBE00C39F01 /* Build configuration list for PBXNativeTarget "SpendPalApp" */;
			buildPhases = (
				34399F70262B2BBB00C39F01 /* Sources */,
				34399F71262B2BBB00C39F01 /* Frameworks */,
				34399F72262B2BBB00C39F01 /* Resources */,
			);
			buildRules = (
			);
			dependencies = (
			);
			name = SpendPalApp;
			productName = SpendPalApp;
			productReference = 34399F74262B2BBC00C39F01 /* SpendPalApp.app */;
			productType = "com.apple.product-type.application";
		};
/* End PBXNativeTarget section */

/* Begin PBXProject section */
		34399F6C262B2BBB00C39F01 /* Project object */ = {
			isa = PBXProject;
			attributes = {
				LastSwiftUpdateCheck = 1240;
				LastUpgradeCheck = 1240;
				TargetAttributes = {
					34399F73262B2BBB00C39F01 = {
						CreatedOnToolsVersion = 12.4;
					};
				};
			};
			buildConfigurationList = 34399F6F262B2BBB00C39F01 /* Build configuration list for PBXProject "SpendPalApp" */;
			compatibilityVersion = "Xcode 9.3";
			developmentRegion = en;
			hasScannedForEncodings = 0;
			knownRegions = (
				en,
				Base,
			);
			mainGroup = 34399F6B262B2BBB00C39F01;
			productRefGroup = 34399F75262B2BBC00C39F01 /* Products */;
			projectDirPath = "";
			projectRoot = "";
			targets = (
				34399F73262B2BBB00C39F01 /* SpendPalApp */,
			);
		};
/* End PBXProject section */

/* Begin PBXResourcesBuildPhase section */
		34399F72262B2BBB00C39F01 /* Resources */ = {
			isa = PBXResourcesBuildPhase;
			buildActionMask = 2147483647;
			files = (
				34399F84262B2BBE00C39F01 /* Assets.xcassets in Resources */,
				34399F7F262B2BBC00C39F01 /* Main.storyboard in Resources */,
			);
			runOnlyForDeploymentPostprocessing = 0;
		};
/* End PBXResourcesBuildPhase section */

/* Begin PBXSourcesBuildPhase section */
		34399F70262B2BBB00C39F01 /* Sources */ = {
			isa = PBXSourcesBuildPhase;
			buildActionMask = 2147483647;
			files = (
				34399F82262B2BBC00C39F01 /* SpendPalApp.xcdatamodeld in Sources */,
				34399F7C262B2BBC00C39F01 /* ExCategoriesTableViewController.swift in Sources */,
				34044427262D4CF5007165D6 /* SpendAppUtils.swift in Sources */,
				34B57A25262E9818004D8FFE /* GraphicalDetailsViewController.swift in Sources */,
				34399FA0262BE75200C39F01 /* ExCategoryTableViewCell.swift in Sources */,
				34399F78262B2BBC00C39F01 /* AppDelegate.swift in Sources */,
				34836A142645076C002606F9 /* WelcomeViewController.swift in Sources */,
				345DA7492649954600C5B611 /* HelpViewController.swift in Sources */,
				34399F9B262BE56A00C39F01 /* ExpensesViewController.swift in Sources */,
				34B57A2A262EDF72004D8FFE /* AddExpenseViewController.swift in Sources */,
				34B57A2E262EE951004D8FFE /* ExpenseTableViewCell.swift in Sources */,
				34168B94263A7BBD001BA506 /* SpendAppCustomGraphics.swift in Sources */,
				3404441B262D44C8007165D6 /* AddExCategoryViewController.swift in Sources */,
				34399F7A262B2BBC00C39F01 /* SceneDelegate.swift in Sources */,
			);
			runOnlyForDeploymentPostprocessing = 0;
		};
/* End PBXSourcesBuildPhase section */

/* Begin PBXVariantGroup section */
		34399F7D262B2BBC00C39F01 /* Main.storyboard */ = {
			isa = PBXVariantGroup;
			children = (
				34399F7E262B2BBC00C39F01 /* Base */,
			);
			name = Main.storyboard;
			sourceTree = "<group>";
		};
/* End PBXVariantGroup section */

/* Begin XCBuildConfiguration section */
		34399F89262B2BBE00C39F01 /* Debug */ = {
			isa = XCBuildConfiguration;
			buildSettings = {
				ALWAYS_SEARCH_USER_PATHS = NO;
				CLANG_ANALYZER_NONNULL = YES;
				CLANG_ANALYZER_NUMBER_OBJECT_CONVERSION = YES_AGGRESSIVE;
				CLANG_CXX_LANGUAGE_STANDARD = "gnu++14";
				CLANG_CXX_LIBRARY = "libc++";
				CLANG_ENABLE_MODULES = YES;
				CLANG_ENABLE_OBJC_ARC = YES;
				CLANG_ENABLE_OBJC_WEAK = YES;
				CLANG_WARN_BLOCK_CAPTURE_AUTORELEASING = YES;
				CLANG_WARN_BOOL_CONVERSION = YES;
				CLANG_WARN_COMMA = YES;
				CLANG_WARN_CONSTANT_CONVERSION = YES;
				CLANG_WARN_DEPRECATED_OBJC_IMPLEMENTATIONS = YES;
				CLANG_WARN_DIRECT_OBJC_ISA_USAGE = YES_ERROR;
				CLANG_WARN_DOCUMENTATION_COMMENTS = YES;
				CLANG_WARN_EMPTY_BODY = YES;
				CLANG_WARN_ENUM_CONVERSION = YES;
				CLANG_WARN_INFINITE_RECURSION = YES;
				CLANG_WARN_INT_CONVERSION = YES;
				CLANG_WARN_NON_LITERAL_NULL_CONVERSION = YES;
				CLANG_WARN_OBJC_IMPLICIT_RETAIN_SELF = YES;
				CLANG_WARN_OBJC_LITERAL_CONVERSION = YES;
				CLANG_WARN_OBJC_ROOT_CLASS = YES_ERROR;
				CLANG_WARN_QUOTED_INCLUDE_IN_FRAMEWORK_HEADER = YES;
				CLANG_WARN_RANGE_LOOP_ANALYSIS = YES;
				CLANG_WARN_STRICT_PROTOTYPES = YES;
				CLANG_WARN_SUSPICIOUS_MOVE = YES;
				CLANG_WARN_UNGUARDED_AVAILABILITY = YES_AGGRESSIVE;
				CLANG_WARN_UNREACHABLE_CODE = YES;
				CLANG_WARN__DUPLICATE_METHOD_MATCH = YES;
				COPY_PHASE_STRIP = NO;
				DEBUG_INFORMATION_FORMAT = dwarf;
				ENABLE_STRICT_OBJC_MSGSEND = YES;
				ENABLE_TESTABILITY = YES;
				GCC_C_LANGUAGE_STANDARD = gnu11;
				GCC_DYNAMIC_NO_PIC = NO;
				GCC_NO_COMMON_BLOCKS = YES;
				GCC_OPTIMIZATION_LEVEL = 0;
				GCC_PREPROCESSOR_DEFINITIONS = (
					"DEBUG=1",
					"$(inherited)",
				);
				GCC_WARN_64_TO_32_BIT_CONVERSION = YES;
				GCC_WARN_ABOUT_RETURN_TYPE = YES_ERROR;
				GCC_WARN_UNDECLARED_SELECTOR = YES;
				GCC_WARN_UNINITIALIZED_AUTOS = YES_AGGRESSIVE;
				GCC_WARN_UNUSED_FUNCTION = YES;
				GCC_WARN_UNUSED_VARIABLE = YES;
				IPHONEOS_DEPLOYMENT_TARGET = 14.4;
				MTL_ENABLE_DEBUG_INFO = INCLUDE_SOURCE;
				MTL_FAST_MATH = YES;
				ONLY_ACTIVE_ARCH = YES;
				SDKROOT = iphoneos;
				SWIFT_ACTIVE_COMPILATION_CONDITIONS = DEBUG;
				SWIFT_OPTIMIZATION_LEVEL = "-Onone";
			};
			name = Debug;
		};
		34399F8A262B2BBE00C39F01 /* Release */ = {
			isa = XCBuildConfiguration;
			buildSettings = {
				ALWAYS_SEARCH_USER_PATHS = NO;
				CLANG_ANALYZER_NONNULL = YES;
				CLANG_ANALYZER_NUMBER_OBJECT_CONVERSION = YES_AGGRESSIVE;
				CLANG_CXX_LANGUAGE_STANDARD = "gnu++14";
				CLANG_CXX_LIBRARY = "libc++";
				CLANG_ENABLE_MODULES = YES;
				CLANG_ENABLE_OBJC_ARC = YES;
				CLANG_ENABLE_OBJC_WEAK = YES;
				CLANG_WARN_BLOCK_CAPTURE_AUTORELEASING = YES;
				CLANG_WARN_BOOL_CONVERSION = YES;
				CLANG_WARN_COMMA = YES;
				CLANG_WARN_CONSTANT_CONVERSION = YES;
				CLANG_WARN_DEPRECATED_OBJC_IMPLEMENTATIONS = YES;
				CLANG_WARN_DIRECT_OBJC_ISA_USAGE = YES_ERROR;
				CLANG_WARN_DOCUMENTATION_COMMENTS = YES;
				CLANG_WARN_EMPTY_BODY = YES;
				CLANG_WARN_ENUM_CONVERSION = YES;
				CLANG_WARN_INFINITE_RECURSION = YES;
				CLANG_WARN_INT_CONVERSION = YES;
				CLANG_WARN_NON_LITERAL_NULL_CONVERSION = YES;
				CLANG_WARN_OBJC_IMPLICIT_RETAIN_SELF = YES;
				CLANG_WARN_OBJC_LITERAL_CONVERSION = YES;
				CLANG_WARN_OBJC_ROOT_CLASS = YES_ERROR;
				CLANG_WARN_QUOTED_INCLUDE_IN_FRAMEWORK_HEADER = YES;
				CLANG_WARN_RANGE_LOOP_ANALYSIS = YES;
				CLANG_WARN_STRICT_PROTOTYPES = YES;
				CLANG_WARN_SUSPICIOUS_MOVE = YES;
				CLANG_WARN_UNGUARDED_AVAILABILITY = YES_AGGRESSIVE;
				CLANG_WARN_UNREACHABLE_CODE = YES;
				CLANG_WARN__DUPLICATE_METHOD_MATCH = YES;
				COPY_PHASE_STRIP = NO;
				DEBUG_INFORMATION_FORMAT = "dwarf-with-dsym";
				ENABLE_NS_ASSERTIONS = NO;
				ENABLE_STRICT_OBJC_MSGSEND = YES;
				GCC_C_LANGUAGE_STANDARD = gnu11;
				GCC_NO_COMMON_BLOCKS = YES;
				GCC_WARN_64_TO_32_BIT_CONVERSION = YES;
				GCC_WARN_ABOUT_RETURN_TYPE = YES_ERROR;
				GCC_WARN_UNDECLARED_SELECTOR = YES;
				GCC_WARN_UNINITIALIZED_AUTOS = YES_AGGRESSIVE;
				GCC_WARN_UNUSED_FUNCTION = YES;
				GCC_WARN_UNUSED_VARIABLE = YES;
				IPHONEOS_DEPLOYMENT_TARGET = 14.4;
				MTL_ENABLE_DEBUG_INFO = NO;
				MTL_FAST_MATH = YES;
				SDKROOT = iphoneos;
				SWIFT_COMPILATION_MODE = wholemodule;
				SWIFT_OPTIMIZATION_LEVEL = "-O";
				VALIDATE_PRODUCT = YES;
			};
			name = Release;
		};
		34399F8C262B2BBE00C39F01 /* Debug */ = {
			isa = XCBuildConfiguration;
			buildSettings = {
				ASSETCATALOG_COMPILER_APPICON_NAME = AppIcon;
				ASSETCATALOG_COMPILER_GLOBAL_ACCENT_COLOR_NAME = AccentColor;
				CODE_SIGN_STYLE = Automatic;
				DEVELOPMENT_TEAM = M47BLZK2G4;
				INFOPLIST_FILE = SpendPalApp/Info.plist;
				LD_RUNPATH_SEARCH_PATHS = (
					"$(inherited)",
					"@executable_path/Frameworks",
				);
				PRODUCT_BUNDLE_IDENTIFIER = uk.ac.westminster.SpendPalApp;
				PRODUCT_NAME = "$(TARGET_NAME)";
				SWIFT_VERSION = 5.0;
				TARGETED_DEVICE_FAMILY = 2;
			};
			name = Debug;
		};
		34399F8D262B2BBE00C39F01 /* Release */ = {
			isa = XCBuildConfiguration;
			buildSettings = {
				ASSETCATALOG_COMPILER_APPICON_NAME = AppIcon;
				ASSETCATALOG_COMPILER_GLOBAL_ACCENT_COLOR_NAME = AccentColor;
				CODE_SIGN_STYLE = Automatic;
				DEVELOPMENT_TEAM = M47BLZK2G4;
				INFOPLIST_FILE = SpendPalApp/Info.plist;
				LD_RUNPATH_SEARCH_PATHS = (
					"$(inherited)",
					"@executable_path/Frameworks",
				);
				PRODUCT_BUNDLE_IDENTIFIER = uk.ac.westminster.SpendPalApp;
				PRODUCT_NAME = "$(TARGET_NAME)";
				SWIFT_VERSION = 5.0;
				TARGETED_DEVICE_FAMILY = 2;
			};
			name = Release;
		};
/* End XCBuildConfiguration section */

/* Begin XCConfigurationList section */
		34399F6F262B2BBB00C39F01 /* Build configuration list for PBXProject "SpendPalApp" */ = {
			isa = XCConfigurationList;
			buildConfigurations = (
				34399F89262B2BBE00C39F01 /* Debug */,
				34399F8A262B2BBE00C39F01 /* Release */,
			);
			defaultConfigurationIsVisible = 0;
			defaultConfigurationName = Release;
		};
		34399F8B262B2BBE00C39F01 /* Build configuration list for PBXNativeTarget "SpendPalApp" */ = {
			isa = XCConfigurationList;
			buildConfigurations = (
				34399F8C262B2BBE00C39F01 /* Debug */,
				34399F8D262B2BBE00C39F01 /* Release */,
			);
			defaultConfigurationIsVisible = 0;
			defaultConfigurationName = Release;
		};
/* End XCConfigurationList section */

/* Begin XCVersionGroup section */
		34399F80262B2BBC00C39F01 /* SpendPalApp.xcdatamodeld */ = {
			isa = XCVersionGroup;
			children = (
				34399F81262B2BBC00C39F01 /* SpendPalApp.xcdatamodel */,
			);
			currentVersion = 34399F81262B2BBC00C39F01 /* SpendPalApp.xcdatamodel */;
			path = SpendPalApp.xcdatamodeld;
			sourceTree = "<group>";
			versionGroupType = wrapper.xcdatamodel;
		};
/* End XCVersionGroup section */
	};
	rootObject = 34399F6C262B2BBB00C39F01 /* Project object */;
}
